<?xml version="1.0" encoding="UTF-8"?>
<Scheme
   LastUpgradeVersion = "0630"
   version = "2.0">
   <BuildAction
      parallelizeBuildables = "YES"
      buildImplicitDependencies = "YES">
      <BuildActionEntries>
         <BuildActionEntry
            buildForTesting = "YES"
            buildForRunning = "YES"
            buildForProfiling = "YES"
            buildForArchiving = "YES"
            buildForAnalyzing = "YES">
            <BuildableReference
               BuildableIdentifier = "primary"
               BlueprintIdentifier = "24ACA2801B2DCED6003104BD"
               BuildableName = "BYB Remote WatchKit App.app"
               BlueprintName = "BYB Remote WatchKit App"
               ReferencedContainer = "container:RoboRoach.xcodeproj">
            </BuildableReference>
         </BuildActionEntry>
         <BuildActionEntry
            buildForTesting = "YES"
            buildForRunning = "YES"
            buildForProfiling = "YES"
            buildForArchiving = "YES"
            buildForAnalyzing = "YES">
            <BuildableReference
               BuildableIdentifier = "primary"
               BlueprintIdentifier = "24ACA2711B2DCED5003104BD"
               BuildableName = "BYB Remote WatchKit Extension.appex"
               BlueprintName = "BYB Remote WatchKit Extension"
               ReferencedContainer = "container:RoboRoach.xcodeproj">
            </BuildableReference>
         </BuildActionEntry>
         <BuildActionEntry
            buildForTesting = "YES"
            buildForRunning = "YES"
            buildForProfiling = "YES"
            buildForArchiving = "YES"
            buildForAnalyzing = "YES">
            <BuildableReference
               BuildableIdentifier = "primary"
               BlueprintIdentifier = "6F7A9EF3171A1732004B1575"
               BuildableName = "BYB Remote.app"
               BlueprintName = "BYB Remote"
               ReferencedContainer = "container:RoboRoach.xcodeproj">
            </BuildableReference>
         </BuildActionEntry>
      </BuildActionEntries>
   </BuildAction>
   <TestAction
      selectedDebuggerIdentifier = "Xcode.DebuggerFoundation.Debugger.LLDB"
      selectedLauncherIdentifier = "Xcode.DebuggerFoundation.Launcher.LLDB"
      shouldUseLaunchSchemeArgsEnv = "YES"
      buildConfiguration = "Debug">
      <Testables>
      </Testables>
      <MacroExpansion>
         <BuildableReference
            BuildableIdentifier = "primary"
            BlueprintIdentifier = "24ACA2801B2DCED6003104BD"
            BuildableName = "BYB Remote WatchKit App.app"
            BlueprintName = "BYB Remote WatchKit App"
            ReferencedContainer = "container:RoboRoach.xcodeproj">
         </BuildableReference>
      </MacroExpansion>
   </TestAction>
   <LaunchAction
      selectedDebuggerIdentifier = "Xcode.DebuggerFoundation.Debugger.LLDB"
      selectedLauncherIdentifier = "Xcode.DebuggerFoundation.Launcher.LLDB"
      launchStyle = "0"
      useCustomWorkingDirectory = "NO"
      buildConfiguration = "Debug"
      ignoresPersistentStateOnLaunch = "NO"
      debugDocumentVersioning = "YES"
      allowLocationSimulation = "YES"
      launchAutomaticallySubstyle = "8">
      <RemoteRunnable
         runnableDebuggingMode = "2"
         BundleIdentifier = "com.apple.springboard"
         RemotePath = "/BYB Remote">
         <BuildableReference
            BuildableIdentifier = "primary"
            BlueprintIdentifier = "24ACA2801B2DCED6003104BD"
            BuildableName = "BYB Remote WatchKit App.app"
            BlueprintName = "BYB Remote WatchKit App"
            ReferencedContainer = "container:RoboRoach.xcodeproj">
         </BuildableReference>
      </RemoteRunnable>
      <MacroExpansion>
         <BuildableReference
            BuildableIdentifier = "primary"
            BlueprintIdentifier = "24ACA2801B2DCED6003104BD"
            BuildableName = "BYB Remote WatchKit App.app"
            BlueprintName = "BYB Remote WatchKit App"
            ReferencedContainer = "container:RoboRoach.xcodeproj">
         </BuildableReference>
      </MacroExpansion>
      <AdditionalOptions>
      </AdditionalOptions>
   </LaunchAction>
   <ProfileAction
      shouldUseLaunchSchemeArgsEnv = "YES"
      savedToolIdentifier = ""
      useCustomWorkingDirectory = "NO"
      buildConfiguration = "Release"
      debugDocumentVersioning = "YES"
      launchAutomaticallySubstyle = "8">
      <RemoteRunnable
         runnableDebuggingMode = "2"
         BundleIdentifier = "com.apple.springboard"
         RemotePath = "/BYB Remote">
         <BuildableReference
            BuildableIdentifier = "primary"
            BlueprintIdentifier = "24ACA2801B2DCED6003104BD"
            BuildableName = "BYB Remote WatchKit App.app"
            BlueprintName = "BYB Remote WatchKit App"
            ReferencedContainer = "container:RoboRoach.xcodeproj">
         </BuildableReference>
      </RemoteRunnable>
      <MacroExpansion>
         <BuildableReference
            BuildableIdentifier = "primary"
            BlueprintIdentifier = "24ACA2801B2DCED6003104BD"
            BuildableName = "BYB Remote WatchKit App.app"
            BlueprintName = "BYB Remote WatchKit App"
            ReferencedContainer = "container:RoboRoach.xcodeproj">
         </BuildableReference>
      </MacroExpansion>
   </ProfileAction>
   <AnalyzeAction
      buildConfiguration = "Debug">
   </AnalyzeAction>
   <ArchiveAction
      buildConfiguration = "Release"
      revealArchiveInOrganizer = "YES">
   </ArchiveAction>
</Scheme>
